
Microsoft Visual Studio Solution File, Format Version 12.00
# Visual Studio Version 16
VisualStudioVersion = 16.0.31729.503
MinimumVisualStudioVersion = 10.0.40219.1
Project("{FAE04EC0-301F-11D3-BF4B-00C04F79EFBC}") = "JuniorTemplate", "JuniorTemplate\JuniorTemplate.csproj", "{2E311ECB-FFED-4BBB-AEFB-EF4000035E84}"
EndProject
Global
	GlobalSection(SolutionConfigurationPlatforms) = preSolution
		Debug|Any CPU = Debug|Any CPU
		Release|Any CPU = Release|Any CPU
	EndGlobalSection
	GlobalSection(ProjectConfigurationPlatforms) = postSolution
		{2E311ECB-FFED-4BBB-AEFB-EF4000035E84}.Debug|Any CPU.ActiveCfg = Debug|Any CPU
		{2E311ECB-FFED-4BBB-AEFB-EF4000035E84}.Debug|Any CPU.Build.0 = Debug|Any CPU
		{2E311ECB-FFED-4BBB-AEFB-EF4000035E84}.Release|Any CPU.ActiveCfg = Release|Any CPU
		{2E311ECB-FFED-4BBB-AEFB-EF4000035E84}.Release|Any CPU.Build.0 = Release|Any CPU
	EndGlobalSection
	GlobalSection(SolutionProperties) = preSolution
		HideSolutionNode = FALSE
	EndGlobalSection
	GlobalSection(ExtensibilityGlobals) = postSolution
		SolutionGuid = {9A934A70-D4D7-4667-92B4-1536A2E5BD75}
	EndGlobalSection
EndGlobal
